
Microsoft Visual Studio Solution File, Format Version 12.00
# Visual Studio 15
VisualStudioVersion = 15.0.28010.2048
MinimumVisualStudioVersion = 10.0.40219.1
Project("{FAE04EC0-301F-11D3-BF4B-00C04F79EFBC}") = "Vividly1", "Vividly1\Vividly1.csproj", "{FC16F0DE-DB0D-47AA-B4E8-EE8EA3A4C7D1}"
EndProject
Global
	GlobalSection(SolutionConfigurationPlatforms) = preSolution
		Debug|Any CPU = Debug|Any CPU
		Release|Any CPU = Release|Any CPU
	EndGlobalSection
	GlobalSection(ProjectConfigurationPlatforms) = postSolution
		{FC16F0DE-DB0D-47AA-B4E8-EE8EA3A4C7D1}.Debug|Any CPU.ActiveCfg = Debug|Any CPU
		{FC16F0DE-DB0D-47AA-B4E8-EE8EA3A4C7D1}.Debug|Any CPU.Build.0 = Debug|Any CPU
		{FC16F0DE-DB0D-47AA-B4E8-EE8EA3A4C7D1}.Release|Any CPU.ActiveCfg = Release|Any CPU
		{FC16F0DE-DB0D-47AA-B4E8-EE8EA3A4C7D1}.Release|Any CPU.Build.0 = Release|Any CPU
	EndGlobalSection
	GlobalSection(SolutionProperties) = preSolution
		HideSolutionNode = FALSE
	EndGlobalSection
	GlobalSection(ExtensibilityGlobals) = postSolution
		SolutionGuid = {C29FABE2-A20B-47ED-BD10-7287481A517D}
	EndGlobalSection
EndGlobal
